
Microsoft Visual Studio Solution File, Format Version 12.00
# Visual Studio Version 16
VisualStudioVersion = 16.0.31613.86
MinimumVisualStudioVersion = 10.0.40219.1
Project("{8BC9CEB8-8B4A-11D0-8D11-00A0C91BC942}") = "optional", "optional.vcxproj", "{40BB6F02-140F-47BE-80A7-62382DA286E1}"
EndProject
Global
	GlobalSection(SolutionConfigurationPlatforms) = preSolution
		Debug|x64 = Debug|x64
		Debug|x86 = Debug|x86
		Release|x64 = Release|x64
		Release|x86 = Release|x86
	EndGlobalSection
	GlobalSection(ProjectConfigurationPlatforms) = postSolution
		{40BB6F02-140F-47BE-80A7-62382DA286E1}.Debug|x64.ActiveCfg = Debug|x64
		{40BB6F02-140F-47BE-80A7-62382DA286E1}.Debug|x64.Build.0 = Debug|x64
		{40BB6F02-140F-47BE-80A7-62382DA286E1}.Debug|x86.ActiveCfg = Debug|Win32
		{40BB6F02-140F-47BE-80A7-62382DA286E1}.Debug|x86.Build.0 = Debug|Win32
		{40BB6F02-140F-47BE-80A7-62382DA286E1}.Release|x64.ActiveCfg = Release|x64
		{40BB6F02-140F-47BE-80A7-62382DA286E1}.Release|x64.Build.0 = Release|x64
		{40BB6F02-140F-47BE-80A7-62382DA286E1}.Release|x86.ActiveCfg = Release|Win32
		{40BB6F02-140F-47BE-80A7-62382DA286E1}.Release|x86.Build.0 = Release|Win32
	EndGlobalSection
	GlobalSection(SolutionProperties) = preSolution
		HideSolutionNode = FALSE
	EndGlobalSection
	GlobalSection(ExtensibilityGlobals) = postSolution
		SolutionGuid = {9E711C24-24DF-4EEA-84E2-64AA10029AFC}
	EndGlobalSection
EndGlobal
